
Microsoft Visual Studio Solution File, Format Version 12.00
# Visual Studio Version 16
VisualStudioVersion = 16.0.28711.60
MinimumVisualStudioVersion = 10.0.40219.1
Project("{8BC9CEB8-8B4A-11D0-8D11-00A0C91BC942}") = "Game 1 - Mov Obj", "Game 1 - Mov Obj\Game 1 - Mov Obj.vcxproj", "{84FBD6BC-512F-412C-86EF-F7E0E4F74E0E}"
EndProject
Project("{8BC9CEB8-8B4A-11D0-8D11-00A0C91BC942}") = "Menü 1 - Array Menü", "Menü 1 - Array Menü\Menü 1 - Array Menü.vcxproj", "{274A2AFF-9E33-42D9-9B70-2B181D603BA6}"
EndProject
Project("{8BC9CEB8-8B4A-11D0-8D11-00A0C91BC942}") = "Map Drawing 2met", "2D Arrayx2 Moving\2D Arrayx2 Moving.vcxproj", "{CA730E84-4101-4A62-A8C8-C96C47A42472}"
EndProject
Project("{8BC9CEB8-8B4A-11D0-8D11-00A0C91BC942}") = "Testing", "Testing\Testing.vcxproj", "{3C325E5E-A5F5-4737-BF2A-BCF24C305B4D}"
EndProject
Project("{8BC9CEB8-8B4A-11D0-8D11-00A0C91BC942}") = "Struct Testing", "Struct Testing\Struct Testing.vcxproj", "{2EC8131C-6567-4569-A144-EF8156647143}"
EndProject
Project("{8BC9CEB8-8B4A-11D0-8D11-00A0C91BC942}") = "MazeGame", "MazeGame\MazeGame.vcxproj", "{97DAC3BD-4270-4857-96F9-A7AE70415133}"
EndProject
Global
	GlobalSection(SolutionConfigurationPlatforms) = preSolution
		Debug|x64 = Debug|x64
		Debug|x86 = Debug|x86
		Release|x64 = Release|x64
		Release|x86 = Release|x86
	EndGlobalSection
	GlobalSection(ProjectConfigurationPlatforms) = postSolution
		{84FBD6BC-512F-412C-86EF-F7E0E4F74E0E}.Debug|x64.ActiveCfg = Debug|x64
		{84FBD6BC-512F-412C-86EF-F7E0E4F74E0E}.Debug|x64.Build.0 = Debug|x64
		{84FBD6BC-512F-412C-86EF-F7E0E4F74E0E}.Debug|x86.ActiveCfg = Debug|Win32
		{84FBD6BC-512F-412C-86EF-F7E0E4F74E0E}.Debug|x86.Build.0 = Debug|Win32
		{84FBD6BC-512F-412C-86EF-F7E0E4F74E0E}.Release|x64.ActiveCfg = Release|x64
		{84FBD6BC-512F-412C-86EF-F7E0E4F74E0E}.Release|x64.Build.0 = Release|x64
		{84FBD6BC-512F-412C-86EF-F7E0E4F74E0E}.Release|x86.ActiveCfg = Release|Win32
		{84FBD6BC-512F-412C-86EF-F7E0E4F74E0E}.Release|x86.Build.0 = Release|Win32
		{274A2AFF-9E33-42D9-9B70-2B181D603BA6}.Debug|x64.ActiveCfg = Debug|x64
		{274A2AFF-9E33-42D9-9B70-2B181D603BA6}.Debug|x64.Build.0 = Debug|x64
		{274A2AFF-9E33-42D9-9B70-2B181D603BA6}.Debug|x86.ActiveCfg = Debug|Win32
		{274A2AFF-9E33-42D9-9B70-2B181D603BA6}.Debug|x86.Build.0 = Debug|Win32
		{274A2AFF-9E33-42D9-9B70-2B181D603BA6}.Release|x64.ActiveCfg = Release|x64
		{274A2AFF-9E33-42D9-9B70-2B181D603BA6}.Release|x64.Build.0 = Release|x64
		{274A2AFF-9E33-42D9-9B70-2B181D603BA6}.Release|x86.ActiveCfg = Release|Win32
		{274A2AFF-9E33-42D9-9B70-2B181D603BA6}.Release|x86.Build.0 = Release|Win32
		{CA730E84-4101-4A62-A8C8-C96C47A42472}.Debug|x64.ActiveCfg = Debug|x64
		{CA730E84-4101-4A62-A8C8-C96C47A42472}.Debug|x64.Build.0 = Debug|x64
		{CA730E84-4101-4A62-A8C8-C96C47A42472}.Debug|x86.ActiveCfg = Debug|Win32
		{CA730E84-4101-4A62-A8C8-C96C47A42472}.Debug|x86.Build.0 = Debug|Win32
		{CA730E84-4101-4A62-A8C8-C96C47A42472}.Release|x64.ActiveCfg = Release|x64
		{CA730E84-4101-4A62-A8C8-C96C47A42472}.Release|x64.Build.0 = Release|x64
		{CA730E84-4101-4A62-A8C8-C96C47A42472}.Release|x86.ActiveCfg = Release|Win32
		{CA730E84-4101-4A62-A8C8-C96C47A42472}.Release|x86.Build.0 = Release|Win32
		{3C325E5E-A5F5-4737-BF2A-BCF24C305B4D}.Debug|x64.ActiveCfg = Debug|x64
		{3C325E5E-A5F5-4737-BF2A-BCF24C305B4D}.Debug|x64.Build.0 = Debug|x64
		{3C325E5E-A5F5-4737-BF2A-BCF24C305B4D}.Debug|x86.ActiveCfg = Debug|Win32
		{3C325E5E-A5F5-4737-BF2A-BCF24C305B4D}.Debug|x86.Build.0 = Debug|Win32
		{3C325E5E-A5F5-4737-BF2A-BCF24C305B4D}.Release|x64.ActiveCfg = Release|x64
		{3C325E5E-A5F5-4737-BF2A-BCF24C305B4D}.Release|x64.Build.0 = Release|x64
		{3C325E5E-A5F5-4737-BF2A-BCF24C305B4D}.Release|x86.ActiveCfg = Release|Win32
		{3C325E5E-A5F5-4737-BF2A-BCF24C305B4D}.Release|x86.Build.0 = Release|Win32
		{2EC8131C-6567-4569-A144-EF8156647143}.Debug|x64.ActiveCfg = Debug|x64
		{2EC8131C-6567-4569-A144-EF8156647143}.Debug|x64.Build.0 = Debug|x64
		{2EC8131C-6567-4569-A144-EF8156647143}.Debug|x86.ActiveCfg = Debug|Win32
		{2EC8131C-6567-4569-A144-EF8156647143}.Debug|x86.Build.0 = Debug|Win32
		{2EC8131C-6567-4569-A144-EF8156647143}.Release|x64.ActiveCfg = Release|x64
		{2EC8131C-6567-4569-A144-EF8156647143}.Release|x64.Build.0 = Release|x64
		{2EC8131C-6567-4569-A144-EF8156647143}.Release|x86.ActiveCfg = Release|Win32
		{2EC8131C-6567-4569-A144-EF8156647143}.Release|x86.Build.0 = Release|Win32
		{97DAC3BD-4270-4857-96F9-A7AE70415133}.Debug|x64.ActiveCfg = Debug|x64
		{97DAC3BD-4270-4857-96F9-A7AE70415133}.Debug|x64.Build.0 = Debug|x64
		{97DAC3BD-4270-4857-96F9-A7AE70415133}.Debug|x86.ActiveCfg = Debug|Win32
		{97DAC3BD-4270-4857-96F9-A7AE70415133}.Debug|x86.Build.0 = Debug|Win32
		{97DAC3BD-4270-4857-96F9-A7AE70415133}.Release|x64.ActiveCfg = Release|x64
		{97DAC3BD-4270-4857-96F9-A7AE70415133}.Release|x64.Build.0 = Release|x64
		{97DAC3BD-4270-4857-96F9-A7AE70415133}.Release|x86.ActiveCfg = Release|Win32
		{97DAC3BD-4270-4857-96F9-A7AE70415133}.Release|x86.Build.0 = Release|Win32
	EndGlobalSection
	GlobalSection(SolutionProperties) = preSolution
		HideSolutionNode = FALSE
	EndGlobalSection
	GlobalSection(ExtensibilityGlobals) = postSolution
		SolutionGuid = {AFC81676-436B-4D28-8E11-60A2BCE7AEED}
	EndGlobalSection
EndGlobal
